// !$*UTF8*$!
{
	archiveVersion = 1;
	classes = {
	};
	objectVersion = 55;
	objects = {

/* Begin PBXBuildFile section */
		824EA15A288A2FC20038CCEF /* MyInstallerPane.m in Sources */ = {isa = PBXBuildFile; fileRef = 824EA159288A2FC20038CCEF /* MyInstallerPane.m */; };
		824EA15D288A2FC20038CCEF /* MyInstallerPane.xib in Resources */ = {isa = PBXBuildFile; fileRef = 824EA15B288A2FC20038CCEF /* MyInstallerPane.xib */; };
		824EA160288A2FC20038CCEF /* Localizable.strings in Resources */ = {isa = PBXBuildFile; fileRef = 824EA15E288A2FC20038CCEF /* Localizable.strings */; };
		824EA162288A2FC20038CCEF /* InstallerSections.plist in Resources */ = {isa = PBXBuildFile; fileRef = 824EA161288A2FC20038CCEF /* InstallerSections.plist */; };
		824EA166288A2FC20038CCEF /* InfoPlist.strings in Resources */ = {isa = PBXBuildFile; fileRef = 824EA164288A2FC20038CCEF /* InfoPlist.strings */; };
/* End PBXBuildFile section */

/* Begin PBXFileReference section */
		824EA155288A2FC20038CCEF /* AWSConfigureInstallerPlugin.bundle */ = {isa = PBXFileReference; explicitFileType = wrapper.cfbundle; includeInIndex = 0; path = AWSConfigureInstallerPlugin.bundle; sourceTree = BUILT_PRODUCTS_DIR; };
		824EA158288A2FC20038CCEF /* MyInstallerPane.h */ = {isa = PBXFileReference; lastKnownFileType = sourcecode.c.h; path = MyInstallerPane.h; sourceTree = "<group>"; };
		824EA159288A2FC20038CCEF /* MyInstallerPane.m */ = {isa = PBXFileReference; lastKnownFileType = sourcecode.c.objc; path = MyInstallerPane.m; sourceTree = "<group>"; };
		824EA15C288A2FC20038CCEF /* Base */ = {isa = PBXFileReference; lastKnownFileType = file.xib; name = Base; path = Base.lproj/MyInstallerPane.xib; sourceTree = "<group>"; };
		824EA15F288A2FC20038CCEF /* en */ = {isa = PBXFileReference; lastKnownFileType = text.plist.strings; name = en; path = en.lproj/Localizable.strings; sourceTree = "<group>"; };
		824EA161288A2FC20038CCEF /* InstallerSections.plist */ = {isa = PBXFileReference; lastKnownFileType = text.plist.xml; path = InstallerSections.plist; sourceTree = "<group>"; };
		824EA163288A2FC20038CCEF /* Info.plist */ = {isa = PBXFileReference; lastKnownFileType = text.plist.xml; path = Info.plist; sourceTree = "<group>"; };
		824EA165288A2FC20038CCEF /* en */ = {isa = PBXFileReference; lastKnownFileType = text.plist.strings; name = en; path = en.lproj/InfoPlist.strings; sourceTree = "<group>"; };
/* End PBXFileReference section */

/* Begin PBXFrameworksBuildPhase section */
		824EA152288A2FC20038CCEF /* Frameworks */ = {
			isa = PBXFrameworksBuildPhase;
			buildActionMask = 2147483647;
			files = (
			);
			runOnlyForDeploymentPostprocessing = 0;
		};
/* End PBXFrameworksBuildPhase section */

/* Begin PBXGroup section */
		824EA14C288A2FC20038CCEF = {
			isa = PBXGroup;
			children = (
				824EA157288A2FC20038CCEF /* AWSConfigureInstallerPlugin */,
				824EA156288A2FC20038CCEF /* Products */,
			);
			sourceTree = "<group>";
		};
		824EA156288A2FC20038CCEF /* Products */ = {
			isa = PBXGroup;
			children = (
				824EA155288A2FC20038CCEF /* AWSConfigureInstallerPlugin.bundle */,
			);
			name = Products;
			sourceTree = "<group>";
		};
		824EA157288A2FC20038CCEF /* AWSConfigureInstallerPlugin */ = {
			isa = PBXGroup;
			children = (
				824EA158288A2FC20038CCEF /* MyInstallerPane.h */,
				824EA159288A2FC20038CCEF /* MyInstallerPane.m */,
				824EA15B288A2FC20038CCEF /* MyInstallerPane.xib */,
				824EA15E288A2FC20038CCEF /* Localizable.strings */,
				824EA161288A2FC20038CCEF /* InstallerSections.plist */,
				824EA163288A2FC20038CCEF /* Info.plist */,
				824EA164288A2FC20038CCEF /* InfoPlist.strings */,
			);
			path = AWSConfigureInstallerPlugin;
			sourceTree = "<group>";
		};
/* End PBXGroup section */

/* Begin PBXNativeTarget section */
		824EA154288A2FC20038CCEF /* AWSConfigureInstallerPlugin */ = {
			isa = PBXNativeTarget;
			buildConfigurationList = 824EA169288A2FC20038CCEF /* Build configuration list for PBXNativeTarget "AWSConfigureInstallerPlugin" */;
			buildPhases = (
				824EA151288A2FC20038CCEF /* Sources */,
				824EA152288A2FC20038CCEF /* Frameworks */,
				824EA153288A2FC20038CCEF /* Resources */,
			);
			buildRules = (
			);
			dependencies = (
			);
			name = AWSConfigureInstallerPlugin;
			productName = AWSConfigureInstallerPlugin;
			productReference = 824EA155288A2FC20038CCEF /* AWSConfigureInstallerPlugin.bundle */;
			productType = "com.apple.product-type.bundle";
		};
/* End PBXNativeTarget section */

/* Begin PBXProject section */
		824EA14D288A2FC20038CCEF /* Project object */ = {
			isa = PBXProject;
			attributes = {
				BuildIndependentTargetsInParallel = 1;
				LastUpgradeCheck = 1340;
				TargetAttributes = {
					824EA154288A2FC20038CCEF = {
						CreatedOnToolsVersion = 13.4;
					};
				};
			};
			buildConfigurationList = 824EA150288A2FC20038CCEF /* Build configuration list for PBXProject "AWSConfigureInstallerPlugin" */;
			compatibilityVersion = "Xcode 13.0";
			developmentRegion = en;
			hasScannedForEncodings = 0;
			knownRegions = (
				en,
				Base,
			);
			mainGroup = 824EA14C288A2FC20038CCEF;
			productRefGroup = 824EA156288A2FC20038CCEF /* Products */;
			projectDirPath = "";
			projectRoot = "";
			targets = (
				824EA154288A2FC20038CCEF /* AWSConfigureInstallerPlugin */,
			);
		};
/* End PBXProject section */

/* Begin PBXResourcesBuildPhase section */
		824EA153288A2FC20038CCEF /* Resources */ = {
			isa = PBXResourcesBuildPhase;
			buildActionMask = 2147483647;
			files = (
				824EA15D288A2FC20038CCEF /* MyInstallerPane.xib in Resources */,
				824EA166288A2FC20038CCEF /* InfoPlist.strings in Resources */,
				824EA160288A2FC20038CCEF /* Localizable.strings in Resources */,
				824EA162288A2FC20038CCEF /* InstallerSections.plist in Resources */,
			);
			runOnlyForDeploymentPostprocessing = 0;
		};
/* End PBXResourcesBuildPhase section */

/* Begin PBXSourcesBuildPhase section */
		824EA151288A2FC20038CCEF /* Sources */ = {
			isa = PBXSourcesBuildPhase;
			buildActionMask = 2147483647;
			files = (
				824EA15A288A2FC20038CCEF /* MyInstallerPane.m in Sources */,
			);
			runOnlyForDeploymentPostprocessing = 0;
		};
/* End PBXSourcesBuildPhase section */

/* Begin PBXVariantGroup section */
		824EA15B288A2FC20038CCEF /* MyInstallerPane.xib */ = {
			isa = PBXVariantGroup;
			children = (
				824EA15C288A2FC20038CCEF /* Base */,
			);
			name = MyInstallerPane.xib;
			sourceTree = "<group>";
		};
		824EA15E288A2FC20038CCEF /* Localizable.strings */ = {
			isa = PBXVariantGroup;
			children = (
				824EA15F288A2FC20038CCEF /* en */,
			);
			name = Localizable.strings;
			sourceTree = "<group>";
		};
		824EA164288A2FC20038CCEF /* InfoPlist.strings */ = {
			isa = PBXVariantGroup;
			children = (
				824EA165288A2FC20038CCEF /* en */,
			);
			name = InfoPlist.strings;
			sourceTree = "<group>";
		};
/* End PBXVariantGroup section */

/* Begin XCBuildConfiguration section */
		824EA167288A2FC20038CCEF /* Debug */ = {
			isa = XCBuildConfiguration;
			buildSettings = {
				ALWAYS_SEARCH_USER_PATHS = NO;
				CLANG_ANALYZER_NONNULL = YES;
				CLANG_ANALYZER_NUMBER_OBJECT_CONVERSION = YES_AGGRESSIVE;
				CLANG_CXX_LANGUAGE_STANDARD = "gnu++17";
				CLANG_ENABLE_MODULES = YES;
				CLANG_ENABLE_OBJC_ARC = YES;
				CLANG_ENABLE_OBJC_WEAK = YES;
				CLANG_WARN_BLOCK_CAPTURE_AUTORELEASING = YES;
				CLANG_WARN_BOOL_CONVERSION = YES;
				CLANG_WARN_COMMA = YES;
				CLANG_WARN_CONSTANT_CONVERSION = YES;
				CLANG_WARN_DEPRECATED_OBJC_IMPLEMENTATIONS = YES;
				CLANG_WARN_DIRECT_OBJC_ISA_USAGE = YES_ERROR;
				CLANG_WARN_DOCUMENTATION_COMMENTS = YES;
				CLANG_WARN_EMPTY_BODY = YES;
				CLANG_WARN_ENUM_CONVERSION = YES;
				CLANG_WARN_INFINITE_RECURSION = YES;
				CLANG_WARN_INT_CONVERSION = YES;
				CLANG_WARN_NON_LITERAL_NULL_CONVERSION = YES;
				CLANG_WARN_OBJC_IMPLICIT_RETAIN_SELF = YES;
				CLANG_WARN_OBJC_LITERAL_CONVERSION = YES;
				CLANG_WARN_OBJC_ROOT_CLASS = YES_ERROR;
				CLANG_WARN_QUOTED_INCLUDE_IN_FRAMEWORK_HEADER = YES;
				CLANG_WARN_RANGE_LOOP_ANALYSIS = YES;
				CLANG_WARN_STRICT_PROTOTYPES = YES;
				CLANG_WARN_SUSPICIOUS_MOVE = YES;
				CLANG_WARN_UNGUARDED_AVAILABILITY = YES_AGGRESSIVE;
				CLANG_WARN_UNREACHABLE_CODE = YES;
				CLANG_WARN__DUPLICATE_METHOD_MATCH = YES;
				COPY_PHASE_STRIP = NO;
				DEBUG_INFORMATION_FORMAT = dwarf;
				ENABLE_STRICT_OBJC_MSGSEND = YES;
				ENABLE_TESTABILITY = YES;
				GCC_C_LANGUAGE_STANDARD = gnu11;
				GCC_DYNAMIC_NO_PIC = NO;
				GCC_NO_COMMON_BLOCKS = YES;
				GCC_OPTIMIZATION_LEVEL = 0;
				GCC_PREPROCESSOR_DEFINITIONS = (
					"DEBUG=1",
					"$(inherited)",
				);
				GCC_WARN_64_TO_32_BIT_CONVERSION = YES;
				GCC_WARN_ABOUT_RETURN_TYPE = YES_ERROR;
				GCC_WARN_UNDECLARED_SELECTOR = YES;
				GCC_WARN_UNINITIALIZED_AUTOS = YES_AGGRESSIVE;
				GCC_WARN_UNUSED_FUNCTION = YES;
				GCC_WARN_UNUSED_VARIABLE = YES;
				MACOSX_DEPLOYMENT_TARGET = 12.3;
				MTL_ENABLE_DEBUG_INFO = INCLUDE_SOURCE;
				MTL_FAST_MATH = YES;
				ONLY_ACTIVE_ARCH = YES;
				SDKROOT = macosx;
			};
			name = Debug;
		};
		824EA168288A2FC20038CCEF /* Release */ = {
			isa = XCBuildConfiguration;
			buildSettings = {
				ALWAYS_SEARCH_USER_PATHS = NO;
				CLANG_ANALYZER_NONNULL = YES;
				CLANG_ANALYZER_NUMBER_OBJECT_CONVERSION = YES_AGGRESSIVE;
				CLANG_CXX_LANGUAGE_STANDARD = "gnu++17";
				CLANG_ENABLE_MODULES = YES;
				CLANG_ENABLE_OBJC_ARC = YES;
				CLANG_ENABLE_OBJC_WEAK = YES;
				CLANG_WARN_BLOCK_CAPTURE_AUTORELEASING = YES;
				CLANG_WARN_BOOL_CONVERSION = YES;
				CLANG_WARN_COMMA = YES;
				CLANG_WARN_CONSTANT_CONVERSION = YES;
				CLANG_WARN_DEPRECATED_OBJC_IMPLEMENTATIONS = YES;
				CLANG_WARN_DIRECT_OBJC_ISA_USAGE = YES_ERROR;
				CLANG_WARN_DOCUMENTATION_COMMENTS = YES;
				CLANG_WARN_EMPTY_BODY = YES;
				CLANG_WARN_ENUM_CONVERSION = YES;
				CLANG_WARN_INFINITE_RECURSION = YES;
				CLANG_WARN_INT_CONVERSION = YES;
				CLANG_WARN_NON_LITERAL_NULL_CONVERSION = YES;
				CLANG_WARN_OBJC_IMPLICIT_RETAIN_SELF = YES;
				CLANG_WARN_OBJC_LITERAL_CONVERSION = YES;
				CLANG_WARN_OBJC_ROOT_CLASS = YES_ERROR;
				CLANG_WARN_QUOTED_INCLUDE_IN_FRAMEWORK_HEADER = YES;
				CLANG_WARN_RANGE_LOOP_ANALYSIS = YES;
				CLANG_WARN_STRICT_PROTOTYPES = YES;
				CLANG_WARN_SUSPICIOUS_MOVE = YES;
				CLANG_WARN_UNGUARDED_AVAILABILITY = YES_AGGRESSIVE;
				CLANG_WARN_UNREACHABLE_CODE = YES;
				CLANG_WARN__DUPLICATE_METHOD_MATCH = YES;
				COPY_PHASE_STRIP = NO;
				DEBUG_INFORMATION_FORMAT = "dwarf-with-dsym";
				ENABLE_NS_ASSERTIONS = NO;
				ENABLE_STRICT_OBJC_MSGSEND = YES;
				GCC_C_LANGUAGE_STANDARD = gnu11;
				GCC_NO_COMMON_BLOCKS = YES;
				GCC_WARN_64_TO_32_BIT_CONVERSION = YES;
				GCC_WARN_ABOUT_RETURN_TYPE = YES_ERROR;
				GCC_WARN_UNDECLARED_SELECTOR = YES;
				GCC_WARN_UNINITIALIZED_AUTOS = YES_AGGRESSIVE;
				GCC_WARN_UNUSED_FUNCTION = YES;
				GCC_WARN_UNUSED_VARIABLE = YES;
				MACOSX_DEPLOYMENT_TARGET = 12.3;
				MTL_ENABLE_DEBUG_INFO = NO;
				MTL_FAST_MATH = YES;
				SDKROOT = macosx;
			};
			name = Release;
		};
		824EA16A288A2FC20038CCEF /* Debug */ = {
			isa = XCBuildConfiguration;
			buildSettings = {
				CODE_SIGN_STYLE = Automatic;
				COMBINE_HIDPI_IMAGES = YES;
				CURRENT_PROJECT_VERSION = 1;
				GENERATE_INFOPLIST_FILE = YES;
				INFOPLIST_FILE = AWSConfigureInstallerPlugin/Info.plist;
				INFOPLIST_KEY_NSHumanReadableCopyright = "";
				INFOPLIST_KEY_NSMainNibFile = MyInstallerPane;
				INFOPLIST_KEY_NSPrincipalClass = InstallerSection;
				INSTALL_PATH = "$(HOME)/Library/Bundles";
				MARKETING_VERSION = 1.0;
				PRODUCT_BUNDLE_IDENTIFIER = aws.AWSConfigureInstallerPlugin;
				PRODUCT_NAME = "$(TARGET_NAME)";
				SWIFT_EMIT_LOC_STRINGS = YES;
				WRAPPER_EXTENSION = bundle;
			};
			name = Debug;
		};
		824EA16B288A2FC20038CCEF /* Release */ = {
			isa = XCBuildConfiguration;
			buildSettings = {
				CODE_SIGN_STYLE = Automatic;
				COMBINE_HIDPI_IMAGES = YES;
				CURRENT_PROJECT_VERSION = 1;
				GENERATE_INFOPLIST_FILE = YES;
				INFOPLIST_FILE = AWSConfigureInstallerPlugin/Info.plist;
				INFOPLIST_KEY_NSHumanReadableCopyright = "";
				INFOPLIST_KEY_NSMainNibFile = MyInstallerPane;
				INFOPLIST_KEY_NSPrincipalClass = InstallerSection;
				INSTALL_PATH = "$(HOME)/Library/Bundles";
				MARKETING_VERSION = 1.0;
				PRODUCT_BUNDLE_IDENTIFIER = aws.AWSConfigureInstallerPlugin;
				PRODUCT_NAME = "$(TARGET_NAME)";
				SWIFT_EMIT_LOC_STRINGS = YES;
				WRAPPER_EXTENSION = bundle;
			};
			name = Release;
		};
/* End XCBuildConfiguration section */

/* Begin XCConfigurationList section */
		824EA150288A2FC20038CCEF /* Build configuration list for PBXProject "AWSConfigureInstallerPlugin" */ = {
			isa = XCConfigurationList;
			buildConfigurations = (
				824EA167288A2FC20038CCEF /* Debug */,
				824EA168288A2FC20038CCEF /* Release */,
			);
			defaultConfigurationIsVisible = 0;
			defaultConfigurationName = Release;
		};
		824EA169288A2FC20038CCEF /* Build configuration list for PBXNativeTarget "AWSConfigureInstallerPlugin" */ = {
			isa = XCConfigurationList;
			buildConfigurations = (
				824EA16A288A2FC20038CCEF /* Debug */,
				824EA16B288A2FC20038CCEF /* Release */,
			);
			defaultConfigurationIsVisible = 0;
			defaultConfigurationName = Release;
		};
/* End XCConfigurationList section */
	};
	rootObject = 824EA14D288A2FC20038CCEF /* Project object */;
}
